
Microsoft Visual Studio Solution File, Format Version 12.00
# Visual Studio Version 16
VisualStudioVersion = 16.0.30309.148
MinimumVisualStudioVersion = 10.0.40219.1
Project("{8BC9CEB8-8B4A-11D0-8D11-00A0C91BC942}") = "WS_example_utility_server", "WS_example_utility_server.vcxproj", "{8F5CF121-D351-442A-AF41-FA9BDE680AE2}"
EndProject
Global
	GlobalSection(SolutionConfigurationPlatforms) = preSolution
		Debug|x64 = Debug|x64
		Debug|x86 = Debug|x86
		Release|x64 = Release|x64
		Release|x86 = Release|x86
	EndGlobalSection
	GlobalSection(ProjectConfigurationPlatforms) = postSolution
		{8F5CF121-D351-442A-AF41-FA9BDE680AE2}.Debug|x64.ActiveCfg = Debug|x64
		{8F5CF121-D351-442A-AF41-FA9BDE680AE2}.Debug|x64.Build.0 = Debug|x64
		{8F5CF121-D351-442A-AF41-FA9BDE680AE2}.Debug|x86.ActiveCfg = Debug|Win32
		{8F5CF121-D351-442A-AF41-FA9BDE680AE2}.Debug|x86.Build.0 = Debug|Win32
		{8F5CF121-D351-442A-AF41-FA9BDE680AE2}.Release|x64.ActiveCfg = Release|x64
		{8F5CF121-D351-442A-AF41-FA9BDE680AE2}.Release|x64.Build.0 = Release|x64
		{8F5CF121-D351-442A-AF41-FA9BDE680AE2}.Release|x86.ActiveCfg = Release|Win32
		{8F5CF121-D351-442A-AF41-FA9BDE680AE2}.Release|x86.Build.0 = Release|Win32
	EndGlobalSection
	GlobalSection(SolutionProperties) = preSolution
		HideSolutionNode = FALSE
	EndGlobalSection
	GlobalSection(ExtensibilityGlobals) = postSolution
		SolutionGuid = {68DC475A-E047-4CEE-8F6B-36A1D64BF29A}
	EndGlobalSection
EndGlobal
